
Microsoft Visual Studio Solution File, Format Version 12.00
# Visual Studio Version 16
VisualStudioVersion = 16.0.30413.136
MinimumVisualStudioVersion = 10.0.40219.1
Project("{9A19103F-16F7-4668-BE54-9A1E7A4F7556}") = "City_Shop.WebApp", "City_Shop.WebApp\City_Shop.WebApp.csproj", "{2358BE51-A2B1-4E2C-8CD1-315C3D25BC97}"
EndProject
Project("{9A19103F-16F7-4668-BE54-9A1E7A4F7556}") = "City_Shop.Data", "City_Shop.Data\City_Shop.Data.csproj", "{896DD7A9-29F4-43F2-B8F2-753B114ED000}"
EndProject
Project("{9A19103F-16F7-4668-BE54-9A1E7A4F7556}") = "City_Shop.Application", "City_Shop.Application\City_Shop.Application.csproj", "{8324FBD3-F052-4DFF-BD5E-F2A487F9FE7F}"
EndProject
Project("{FAE04EC0-301F-11D3-BF4B-00C04F79EFBC}") = "City_Shop.Uitilities", "City_Shop.Uitilities\City_Shop.Uitilities.csproj", "{8F88FA21-A6A9-4B0A-B421-A52596BA3BC6}"
EndProject
Project("{FAE04EC0-301F-11D3-BF4B-00C04F79EFBC}") = "City_Shop.ViewModel", "City_Shop.ViewModel\City_Shop.ViewModel.csproj", "{E8CFF834-B56A-443C-A084-72A359D8737E}"
EndProject
Global
	GlobalSection(SolutionConfigurationPlatforms) = preSolution
		Debug|Any CPU = Debug|Any CPU
		Release|Any CPU = Release|Any CPU
	EndGlobalSection
	GlobalSection(ProjectConfigurationPlatforms) = postSolution
		{2358BE51-A2B1-4E2C-8CD1-315C3D25BC97}.Debug|Any CPU.ActiveCfg = Debug|Any CPU
		{2358BE51-A2B1-4E2C-8CD1-315C3D25BC97}.Debug|Any CPU.Build.0 = Debug|Any CPU
		{2358BE51-A2B1-4E2C-8CD1-315C3D25BC97}.Release|Any CPU.ActiveCfg = Release|Any CPU
		{2358BE51-A2B1-4E2C-8CD1-315C3D25BC97}.Release|Any CPU.Build.0 = Release|Any CPU
		{896DD7A9-29F4-43F2-B8F2-753B114ED000}.Debug|Any CPU.ActiveCfg = Debug|Any CPU
		{896DD7A9-29F4-43F2-B8F2-753B114ED000}.Debug|Any CPU.Build.0 = Debug|Any CPU
		{896DD7A9-29F4-43F2-B8F2-753B114ED000}.Release|Any CPU.ActiveCfg = Release|Any CPU
		{896DD7A9-29F4-43F2-B8F2-753B114ED000}.Release|Any CPU.Build.0 = Release|Any CPU
		{8324FBD3-F052-4DFF-BD5E-F2A487F9FE7F}.Debug|Any CPU.ActiveCfg = Debug|Any CPU
		{8324FBD3-F052-4DFF-BD5E-F2A487F9FE7F}.Debug|Any CPU.Build.0 = Debug|Any CPU
		{8324FBD3-F052-4DFF-BD5E-F2A487F9FE7F}.Release|Any CPU.ActiveCfg = Release|Any CPU
		{8324FBD3-F052-4DFF-BD5E-F2A487F9FE7F}.Release|Any CPU.Build.0 = Release|Any CPU
		{8F88FA21-A6A9-4B0A-B421-A52596BA3BC6}.Debug|Any CPU.ActiveCfg = Debug|Any CPU
		{8F88FA21-A6A9-4B0A-B421-A52596BA3BC6}.Debug|Any CPU.Build.0 = Debug|Any CPU
		{8F88FA21-A6A9-4B0A-B421-A52596BA3BC6}.Release|Any CPU.ActiveCfg = Release|Any CPU
		{8F88FA21-A6A9-4B0A-B421-A52596BA3BC6}.Release|Any CPU.Build.0 = Release|Any CPU
		{E8CFF834-B56A-443C-A084-72A359D8737E}.Debug|Any CPU.ActiveCfg = Debug|Any CPU
		{E8CFF834-B56A-443C-A084-72A359D8737E}.Debug|Any CPU.Build.0 = Debug|Any CPU
		{E8CFF834-B56A-443C-A084-72A359D8737E}.Release|Any CPU.ActiveCfg = Release|Any CPU
		{E8CFF834-B56A-443C-A084-72A359D8737E}.Release|Any CPU.Build.0 = Release|Any CPU
	EndGlobalSection
	GlobalSection(SolutionProperties) = preSolution
		HideSolutionNode = FALSE
	EndGlobalSection
	GlobalSection(ExtensibilityGlobals) = postSolution
		SolutionGuid = {E1415A2B-90B6-438C-A8D9-ACC340D7F712}
	EndGlobalSection
EndGlobal
